// !$*UTF8*$!
{
	archiveVersion = 1;
	classes = {
	};
	objectVersion = 55;
	objects = {

/* Begin PBXBuildFile section */
		2187318E29B69E550049EA35 /* workFile.swift in Sources */ = {isa = PBXBuildFile; fileRef = 2187318D29B69E550049EA35 /* workFile.swift */; };
		2187319429B6A1440049EA35 /* mainFile.swift in Sources */ = {isa = PBXBuildFile; fileRef = 2187319329B6A1440049EA35 /* mainFile.swift */; };
		21EF4D022871A47E00DD8EB7 /* Constant.swift in Sources */ = {isa = PBXBuildFile; fileRef = 3361614F286EC60E0016B984 /* Constant.swift */; };
		33616103286CC74C0016B984 /* AppDelegate.swift in Sources */ = {isa = PBXBuildFile; fileRef = 33616102286CC74C0016B984 /* AppDelegate.swift */; };
		33616105286CC74C0016B984 /* SceneDelegate.swift in Sources */ = {isa = PBXBuildFile; fileRef = 33616104286CC74C0016B984 /* SceneDelegate.swift */; };
		33616107286CC74C0016B984 /* WebViewController.swift in Sources */ = {isa = PBXBuildFile; fileRef = 33616106286CC74C0016B984 /* WebViewController.swift */; };
		3361610A286CC74C0016B984 /* Main.storyboard in Resources */ = {isa = PBXBuildFile; fileRef = 33616108286CC74C0016B984 /* Main.storyboard */; };
		3361610C286CC74E0016B984 /* Assets.xcassets in Resources */ = {isa = PBXBuildFile; fileRef = 3361610B286CC74E0016B984 /* Assets.xcassets */; };
		3361610F286CC74E0016B984 /* LaunchScreen.storyboard in Resources */ = {isa = PBXBuildFile; fileRef = 3361610D286CC74E0016B984 /* LaunchScreen.storyboard */; };
		3361611A286CC74E0016B984 /* HierarchyNavigationTests.swift in Sources */ = {isa = PBXBuildFile; fileRef = 33616119286CC74E0016B984 /* HierarchyNavigationTests.swift */; };
		33616124286CC74E0016B984 /* HierarchyNavigationUITests.swift in Sources */ = {isa = PBXBuildFile; fileRef = 33616123286CC74E0016B984 /* HierarchyNavigationUITests.swift */; };
		33616126286CC74E0016B984 /* HierarchyNavigationUITestsLaunchTests.swift in Sources */ = {isa = PBXBuildFile; fileRef = 33616125286CC74E0016B984 /* HierarchyNavigationUITestsLaunchTests.swift */; };
		33616135286CC8830016B984 /* Navigation.swift in Sources */ = {isa = PBXBuildFile; fileRef = 33616134286CC8830016B984 /* Navigation.swift */; };
		33616138286CCB9D0016B984 /* navigation.json in Resources */ = {isa = PBXBuildFile; fileRef = 33616137286CCB9D0016B984 /* navigation.json */; };
		3361613A286CD43F0016B984 /* APIRequest.swift in Sources */ = {isa = PBXBuildFile; fileRef = 33616139286CD43F0016B984 /* APIRequest.swift */; };
		3361613D286CD5FF0016B984 /* Notification+Name.swift in Sources */ = {isa = PBXBuildFile; fileRef = 3361613C286CD5FF0016B984 /* Notification+Name.swift */; };
		33616140286CDE280016B984 /* NavgationRequest.swift in Sources */ = {isa = PBXBuildFile; fileRef = 3361613F286CDE280016B984 /* NavgationRequest.swift */; };
		33616143286CE5280016B984 /* NavigationLoader.swift in Sources */ = {isa = PBXBuildFile; fileRef = 33616142286CE5280016B984 /* NavigationLoader.swift */; };
		33616147286DB8730016B984 /* JSONDecode.swift in Sources */ = {isa = PBXBuildFile; fileRef = 33616146286DB8730016B984 /* JSONDecode.swift */; };
		33616149286DC71D0016B984 /* NavigationViewModel.swift in Sources */ = {isa = PBXBuildFile; fileRef = 33616148286DC71D0016B984 /* NavigationViewModel.swift */; };
		3361614B286E17680016B984 /* UIButton+UIImage.swift in Sources */ = {isa = PBXBuildFile; fileRef = 3361614A286E17680016B984 /* UIButton+UIImage.swift */; };
		3361614D286E1A050016B984 /* UIBarButtonItem+ImageButton.swift in Sources */ = {isa = PBXBuildFile; fileRef = 3361614C286E1A050016B984 /* UIBarButtonItem+ImageButton.swift */; };
		33616150286EC60E0016B984 /* Constant.swift in Sources */ = {isa = PBXBuildFile; fileRef = 3361614F286EC60E0016B984 /* Constant.swift */; };
		33616152286EFF480016B984 /* smallNavigation.json in Resources */ = {isa = PBXBuildFile; fileRef = 33616151286EFF480016B984 /* smallNavigation.json */; };
		33C2AB04286F199E00EB1DBC /* CategoryViewController.swift in Sources */ = {isa = PBXBuildFile; fileRef = 33C2AB03286F199E00EB1DBC /* CategoryViewController.swift */; };
		33C2AB06286F19BA00EB1DBC /* CategoryViewController.storyboard in Resources */ = {isa = PBXBuildFile; fileRef = 33C2AB05286F19BA00EB1DBC /* CategoryViewController.storyboard */; };
		33C2AB0B2870016F00EB1DBC /* InsetLabel.swift in Sources */ = {isa = PBXBuildFile; fileRef = 33C2AB0A2870016F00EB1DBC /* InsetLabel.swift */; };
		33C2AB0D287002F600EB1DBC /* TableHeaderLabel.swift in Sources */ = {isa = PBXBuildFile; fileRef = 33C2AB0C287002F600EB1DBC /* TableHeaderLabel.swift */; };
		33C2AB0F28700E3600EB1DBC /* CategoryTableViewCell.swift in Sources */ = {isa = PBXBuildFile; fileRef = 33C2AB0E28700E3600EB1DBC /* CategoryTableViewCell.swift */; };
/* End PBXBuildFile section */

/* Begin PBXContainerItemProxy section */
		33616116286CC74E0016B984 /* PBXContainerItemProxy */ = {
			isa = PBXContainerItemProxy;
			containerPortal = 336160F7286CC74C0016B984 /* Project object */;
			proxyType = 1;
			remoteGlobalIDString = 336160FE286CC74C0016B984;
			remoteInfo = HierarchyNavigation;
		};
		33616120286CC74E0016B984 /* PBXContainerItemProxy */ = {
			isa = PBXContainerItemProxy;
			containerPortal = 336160F7286CC74C0016B984 /* Project object */;
			proxyType = 1;
			remoteGlobalIDString = 336160FE286CC74C0016B984;
			remoteInfo = HierarchyNavigation;
		};
/* End PBXContainerItemProxy section */

/* Begin PBXFileReference section */
		2187318D29B69E550049EA35 /* workFile.swift */ = {isa = PBXFileReference; lastKnownFileType = sourcecode.swift; path = workFile.swift; sourceTree = "<group>"; };
		2187319329B6A1440049EA35 /* mainFile.swift */ = {isa = PBXFileReference; lastKnownFileType = sourcecode.swift; path = mainFile.swift; sourceTree = "<group>"; };
		336160FF286CC74C0016B984 /* HierarchyNavigation.app */ = {isa = PBXFileReference; explicitFileType = wrapper.application; includeInIndex = 0; path = HierarchyNavigation.app; sourceTree = BUILT_PRODUCTS_DIR; };
		33616102286CC74C0016B984 /* AppDelegate.swift */ = {isa = PBXFileReference; lastKnownFileType = sourcecode.swift; path = AppDelegate.swift; sourceTree = "<group>"; };
		33616104286CC74C0016B984 /* SceneDelegate.swift */ = {isa = PBXFileReference; lastKnownFileType = sourcecode.swift; path = SceneDelegate.swift; sourceTree = "<group>"; };
		33616106286CC74C0016B984 /* WebViewController.swift */ = {isa = PBXFileReference; lastKnownFileType = sourcecode.swift; path = WebViewController.swift; sourceTree = "<group>"; };
		33616109286CC74C0016B984 /* Base */ = {isa = PBXFileReference; lastKnownFileType = file.storyboard; name = Base; path = Base.lproj/Main.storyboard; sourceTree = "<group>"; };
		3361610B286CC74E0016B984 /* Assets.xcassets */ = {isa = PBXFileReference; lastKnownFileType = folder.assetcatalog; path = Assets.xcassets; sourceTree = "<group>"; };
		3361610E286CC74E0016B984 /* Base */ = {isa = PBXFileReference; lastKnownFileType = file.storyboard; name = Base; path = Base.lproj/LaunchScreen.storyboard; sourceTree = "<group>"; };
		33616110286CC74E0016B984 /* Info.plist */ = {isa = PBXFileReference; lastKnownFileType = text.plist.xml; path = Info.plist; sourceTree = "<group>"; };
		33616115286CC74E0016B984 /* HierarchyNavigationTests.xctest */ = {isa = PBXFileReference; explicitFileType = wrapper.cfbundle; includeInIndex = 0; path = HierarchyNavigationTests.xctest; sourceTree = BUILT_PRODUCTS_DIR; };
		33616119286CC74E0016B984 /* HierarchyNavigationTests.swift */ = {isa = PBXFileReference; lastKnownFileType = sourcecode.swift; path = HierarchyNavigationTests.swift; sourceTree = "<group>"; };
		3361611F286CC74E0016B984 /* HierarchyNavigationUITests.xctest */ = {isa = PBXFileReference; explicitFileType = wrapper.cfbundle; includeInIndex = 0; path = HierarchyNavigationUITests.xctest; sourceTree = BUILT_PRODUCTS_DIR; };
		33616123286CC74E0016B984 /* HierarchyNavigationUITests.swift */ = {isa = PBXFileReference; lastKnownFileType = sourcecode.swift; path = HierarchyNavigationUITests.swift; sourceTree = "<group>"; };
		33616125286CC74E0016B984 /* HierarchyNavigationUITestsLaunchTests.swift */ = {isa = PBXFileReference; lastKnownFileType = sourcecode.swift; path = HierarchyNavigationUITestsLaunchTests.swift; sourceTree = "<group>"; };
		33616134286CC8830016B984 /* Navigation.swift */ = {isa = PBXFileReference; lastKnownFileType = sourcecode.swift; path = Navigation.swift; sourceTree = "<group>"; };
		33616137286CCB9D0016B984 /* navigation.json */ = {isa = PBXFileReference; fileEncoding = 4; lastKnownFileType = text.json; path = navigation.json; sourceTree = "<group>"; };
		33616139286CD43F0016B984 /* APIRequest.swift */ = {isa = PBXFileReference; lastKnownFileType = sourcecode.swift; path = APIRequest.swift; sourceTree = "<group>"; };
		3361613C286CD5FF0016B984 /* Notification+Name.swift */ = {isa = PBXFileReference; fileEncoding = 4; lastKnownFileType = sourcecode.swift; path = "Notification+Name.swift"; sourceTree = "<group>"; };
		3361613F286CDE280016B984 /* NavgationRequest.swift */ = {isa = PBXFileReference; lastKnownFileType = sourcecode.swift; path = NavgationRequest.swift; sourceTree = "<group>"; };
		33616142286CE5280016B984 /* NavigationLoader.swift */ = {isa = PBXFileReference; lastKnownFileType = sourcecode.swift; path = NavigationLoader.swift; sourceTree = "<group>"; };
		33616146286DB8730016B984 /* JSONDecode.swift */ = {isa = PBXFileReference; fileEncoding = 4; lastKnownFileType = sourcecode.swift; path = JSONDecode.swift; sourceTree = "<group>"; };
		33616148286DC71D0016B984 /* NavigationViewModel.swift */ = {isa = PBXFileReference; lastKnownFileType = sourcecode.swift; path = NavigationViewModel.swift; sourceTree = "<group>"; };
		3361614A286E17680016B984 /* UIButton+UIImage.swift */ = {isa = PBXFileReference; lastKnownFileType = sourcecode.swift; path = "UIButton+UIImage.swift"; sourceTree = "<group>"; };
		3361614C286E1A050016B984 /* UIBarButtonItem+ImageButton.swift */ = {isa = PBXFileReference; lastKnownFileType = sourcecode.swift; path = "UIBarButtonItem+ImageButton.swift"; sourceTree = "<group>"; };
		3361614F286EC60E0016B984 /* Constant.swift */ = {isa = PBXFileReference; lastKnownFileType = sourcecode.swift; path = Constant.swift; sourceTree = "<group>"; };
		33616151286EFF480016B984 /* smallNavigation.json */ = {isa = PBXFileReference; fileEncoding = 4; lastKnownFileType = text.json; path = smallNavigation.json; sourceTree = "<group>"; };
		33C2AB03286F199E00EB1DBC /* CategoryViewController.swift */ = {isa = PBXFileReference; lastKnownFileType = sourcecode.swift; path = CategoryViewController.swift; sourceTree = "<group>"; };
		33C2AB05286F19BA00EB1DBC /* CategoryViewController.storyboard */ = {isa = PBXFileReference; lastKnownFileType = file.storyboard; path = CategoryViewController.storyboard; sourceTree = "<group>"; };
		33C2AB0A2870016F00EB1DBC /* InsetLabel.swift */ = {isa = PBXFileReference; fileEncoding = 4; lastKnownFileType = sourcecode.swift; path = InsetLabel.swift; sourceTree = "<group>"; };
		33C2AB0C287002F600EB1DBC /* TableHeaderLabel.swift */ = {isa = PBXFileReference; lastKnownFileType = sourcecode.swift; path = TableHeaderLabel.swift; sourceTree = "<group>"; };
		33C2AB0E28700E3600EB1DBC /* CategoryTableViewCell.swift */ = {isa = PBXFileReference; lastKnownFileType = sourcecode.swift; path = CategoryTableViewCell.swift; sourceTree = "<group>"; };
/* End PBXFileReference section */

/* Begin PBXFrameworksBuildPhase section */
		336160FC286CC74C0016B984 /* Frameworks */ = {
			isa = PBXFrameworksBuildPhase;
			buildActionMask = 2147483647;
			files = (
			);
			runOnlyForDeploymentPostprocessing = 0;
		};
		33616112286CC74E0016B984 /* Frameworks */ = {
			isa = PBXFrameworksBuildPhase;
			buildActionMask = 2147483647;
			files = (
			);
			runOnlyForDeploymentPostprocessing = 0;
		};
		3361611C286CC74E0016B984 /* Frameworks */ = {
			isa = PBXFrameworksBuildPhase;
			buildActionMask = 2147483647;
			files = (
			);
			runOnlyForDeploymentPostprocessing = 0;
		};
/* End PBXFrameworksBuildPhase section */

/* Begin PBXGroup section */
		336160F6286CC74C0016B984 = {
			isa = PBXGroup;
			children = (
				2187319329B6A1440049EA35 /* mainFile.swift */,
				33616101286CC74C0016B984 /* HierarchyNavigation */,
				33616118286CC74E0016B984 /* HierarchyNavigationTests */,
				33616122286CC74E0016B984 /* HierarchyNavigationUITests */,
				33616100286CC74C0016B984 /* Products */,
			);
			sourceTree = "<group>";
		};
		33616100286CC74C0016B984 /* Products */ = {
			isa = PBXGroup;
			children = (
				336160FF286CC74C0016B984 /* HierarchyNavigation.app */,
				33616115286CC74E0016B984 /* HierarchyNavigationTests.xctest */,
				3361611F286CC74E0016B984 /* HierarchyNavigationUITests.xctest */,
			);
			name = Products;
			sourceTree = "<group>";
		};
		33616101286CC74C0016B984 /* HierarchyNavigation */ = {
			isa = PBXGroup;
			children = (
				33C2AB07286F721400EB1DBC /* Views */,
				3361614E286EC5FD0016B984 /* Global */,
				33616145286DB84B0016B984 /* Parser */,
				33616144286CE5B60016B984 /* Domain */,
				3361613B286CD5E60016B984 /* Extensions */,
				33616133286CC7CC0016B984 /* Model */,
				33616141286CE3C70016B984 /* ViewModel */,
				33616132286CC7970016B984 /* Network */,
				3361613E286CDD8D0016B984 /* ViewController */,
				33616102286CC74C0016B984 /* AppDelegate.swift */,
				33616104286CC74C0016B984 /* SceneDelegate.swift */,
				3361610B286CC74E0016B984 /* Assets.xcassets */,
				3361610D286CC74E0016B984 /* LaunchScreen.storyboard */,
				33616110286CC74E0016B984 /* Info.plist */,
				2187318D29B69E550049EA35 /* workFile.swift */,
			);
			path = HierarchyNavigation;
			sourceTree = "<group>";
		};
		33616118286CC74E0016B984 /* HierarchyNavigationTests */ = {
			isa = PBXGroup;
			children = (
				33616136286CCB590016B984 /* Ressources */,
				33616119286CC74E0016B984 /* HierarchyNavigationTests.swift */,
			);
			path = HierarchyNavigationTests;
			sourceTree = "<group>";
		};
		33616122286CC74E0016B984 /* HierarchyNavigationUITests */ = {
			isa = PBXGroup;
			children = (
				33616123286CC74E0016B984 /* HierarchyNavigationUITests.swift */,
				33616125286CC74E0016B984 /* HierarchyNavigationUITestsLaunchTests.swift */,
			);
			path = HierarchyNavigationUITests;
			sourceTree = "<group>";
		};
		33616132286CC7970016B984 /* Network */ = {
			isa = PBXGroup;
			children = (
				33616139286CD43F0016B984 /* APIRequest.swift */,
				3361613F286CDE280016B984 /* NavgationRequest.swift */,
			);
			path = Network;
			sourceTree = "<group>";
		};
		33616133286CC7CC0016B984 /* Model */ = {
			isa = PBXGroup;
			children = (
				33616134286CC8830016B984 /* Navigation.swift */,
			);
			path = Model;
			sourceTree = "<group>";
		};
		33616136286CCB590016B984 /* Ressources */ = {
			isa = PBXGroup;
			children = (
				33616137286CCB9D0016B984 /* navigation.json */,
				33616151286EFF480016B984 /* smallNavigation.json */,
			);
			path = Ressources;
			sourceTree = "<group>";
		};
		3361613B286CD5E60016B984 /* Extensions */ = {
			isa = PBXGroup;
			children = (
				3361613C286CD5FF0016B984 /* Notification+Name.swift */,
				3361614A286E17680016B984 /* UIButton+UIImage.swift */,
				3361614C286E1A050016B984 /* UIBarButtonItem+ImageButton.swift */,
			);
			path = Extensions;
			sourceTree = "<group>";
		};
		3361613E286CDD8D0016B984 /* ViewController */ = {
			isa = PBXGroup;
			children = (
				33616106286CC74C0016B984 /* WebViewController.swift */,
				33616108286CC74C0016B984 /* Main.storyboard */,
				33C2AB03286F199E00EB1DBC /* CategoryViewController.swift */,
				33C2AB05286F19BA00EB1DBC /* CategoryViewController.storyboard */,
			);
			path = ViewController;
			sourceTree = "<group>";
		};
		33616141286CE3C70016B984 /* ViewModel */ = {
			isa = PBXGroup;
			children = (
				33616148286DC71D0016B984 /* NavigationViewModel.swift */,
			);
			path = ViewModel;
			sourceTree = "<group>";
		};
		33616144286CE5B60016B984 /* Domain */ = {
			isa = PBXGroup;
			children = (
				33616142286CE5280016B984 /* NavigationLoader.swift */,
			);
			path = Domain;
			sourceTree = "<group>";
		};
		33616145286DB84B0016B984 /* Parser */ = {
			isa = PBXGroup;
			children = (
				33616146286DB8730016B984 /* JSONDecode.swift */,
			);
			path = Parser;
			sourceTree = "<group>";
		};
		3361614E286EC5FD0016B984 /* Global */ = {
			isa = PBXGroup;
			children = (
				3361614F286EC60E0016B984 /* Constant.swift */,
			);
			path = Global;
			sourceTree = "<group>";
		};
		33C2AB07286F721400EB1DBC /* Views */ = {
			isa = PBXGroup;
			children = (
				33C2AB0A2870016F00EB1DBC /* InsetLabel.swift */,
				33C2AB0C287002F600EB1DBC /* TableHeaderLabel.swift */,
				33C2AB0E28700E3600EB1DBC /* CategoryTableViewCell.swift */,
			);
			path = Views;
			sourceTree = "<group>";
		};
/* End PBXGroup section */

/* Begin PBXNativeTarget section */
		336160FE286CC74C0016B984 /* HierarchyNavigation */ = {
			isa = PBXNativeTarget;
			buildConfigurationList = 33616129286CC74E0016B984 /* Build configuration list for PBXNativeTarget "HierarchyNavigation" */;
			buildPhases = (
				336160FB286CC74C0016B984 /* Sources */,
				336160FC286CC74C0016B984 /* Frameworks */,
				336160FD286CC74C0016B984 /* Resources */,
			);
			buildRules = (
			);
			dependencies = (
			);
			name = HierarchyNavigation;
			productName = HierarchyNavigation;
			productReference = 336160FF286CC74C0016B984 /* HierarchyNavigation.app */;
			productType = "com.apple.product-type.application";
		};
		33616114286CC74E0016B984 /* HierarchyNavigationTests */ = {
			isa = PBXNativeTarget;
			buildConfigurationList = 3361612C286CC74E0016B984 /* Build configuration list for PBXNativeTarget "HierarchyNavigationTests" */;
			buildPhases = (
				33616111286CC74E0016B984 /* Sources */,
				33616112286CC74E0016B984 /* Frameworks */,
				33616113286CC74E0016B984 /* Resources */,
			);
			buildRules = (
			);
			dependencies = (
				33616117286CC74E0016B984 /* PBXTargetDependency */,
			);
			name = HierarchyNavigationTests;
			productName = HierarchyNavigationTests;
			productReference = 33616115286CC74E0016B984 /* HierarchyNavigationTests.xctest */;
			productType = "com.apple.product-type.bundle.unit-test";
		};
		3361611E286CC74E0016B984 /* HierarchyNavigationUITests */ = {
			isa = PBXNativeTarget;
			buildConfigurationList = 3361612F286CC74E0016B984 /* Build configuration list for PBXNativeTarget "HierarchyNavigationUITests" */;
			buildPhases = (
				3361611B286CC74E0016B984 /* Sources */,
				3361611C286CC74E0016B984 /* Frameworks */,
				3361611D286CC74E0016B984 /* Resources */,
			);
			buildRules = (
			);
			dependencies = (
				33616121286CC74E0016B984 /* PBXTargetDependency */,
			);
			name = HierarchyNavigationUITests;
			productName = HierarchyNavigationUITests;
			productReference = 3361611F286CC74E0016B984 /* HierarchyNavigationUITests.xctest */;
			productType = "com.apple.product-type.bundle.ui-testing";
		};
/* End PBXNativeTarget section */

/* Begin PBXProject section */
		336160F7286CC74C0016B984 /* Project object */ = {
			isa = PBXProject;
			attributes = {
				BuildIndependentTargetsInParallel = 1;
				LastSwiftUpdateCheck = 1340;
				LastUpgradeCheck = 1340;
				TargetAttributes = {
					336160FE286CC74C0016B984 = {
						CreatedOnToolsVersion = 13.4;
					};
					33616114286CC74E0016B984 = {
						CreatedOnToolsVersion = 13.4;
						TestTargetID = 336160FE286CC74C0016B984;
					};
					3361611E286CC74E0016B984 = {
						CreatedOnToolsVersion = 13.4;
						TestTargetID = 336160FE286CC74C0016B984;
					};
				};
			};
			buildConfigurationList = 336160FA286CC74C0016B984 /* Build configuration list for PBXProject "HierarchyNavigation" */;
			compatibilityVersion = "Xcode 13.0";
			developmentRegion = en;
			hasScannedForEncodings = 0;
			knownRegions = (
				en,
				Base,
			);
			mainGroup = 336160F6286CC74C0016B984;
			productRefGroup = 33616100286CC74C0016B984 /* Products */;
			projectDirPath = "";
			projectRoot = "";
			targets = (
				336160FE286CC74C0016B984 /* HierarchyNavigation */,
				33616114286CC74E0016B984 /* HierarchyNavigationTests */,
				3361611E286CC74E0016B984 /* HierarchyNavigationUITests */,
			);
		};
/* End PBXProject section */

/* Begin PBXResourcesBuildPhase section */
		336160FD286CC74C0016B984 /* Resources */ = {
			isa = PBXResourcesBuildPhase;
			buildActionMask = 2147483647;
			files = (
				3361610F286CC74E0016B984 /* LaunchScreen.storyboard in Resources */,
				33C2AB06286F19BA00EB1DBC /* CategoryViewController.storyboard in Resources */,
				3361610C286CC74E0016B984 /* Assets.xcassets in Resources */,
				3361610A286CC74C0016B984 /* Main.storyboard in Resources */,
			);
			runOnlyForDeploymentPostprocessing = 0;
		};
		33616113286CC74E0016B984 /* Resources */ = {
			isa = PBXResourcesBuildPhase;
			buildActionMask = 2147483647;
			files = (
				33616138286CCB9D0016B984 /* navigation.json in Resources */,
				33616152286EFF480016B984 /* smallNavigation.json in Resources */,
			);
			runOnlyForDeploymentPostprocessing = 0;
		};
		3361611D286CC74E0016B984 /* Resources */ = {
			isa = PBXResourcesBuildPhase;
			buildActionMask = 2147483647;
			files = (
			);
			runOnlyForDeploymentPostprocessing = 0;
		};
/* End PBXResourcesBuildPhase section */

/* Begin PBXSourcesBuildPhase section */
		336160FB286CC74C0016B984 /* Sources */ = {
			isa = PBXSourcesBuildPhase;
			buildActionMask = 2147483647;
			files = (
				3361614D286E1A050016B984 /* UIBarButtonItem+ImageButton.swift in Sources */,
				33616107286CC74C0016B984 /* WebViewController.swift in Sources */,
				33C2AB0D287002F600EB1DBC /* TableHeaderLabel.swift in Sources */,
				33C2AB04286F199E00EB1DBC /* CategoryViewController.swift in Sources */,
				33C2AB0F28700E3600EB1DBC /* CategoryTableViewCell.swift in Sources */,
				33616103286CC74C0016B984 /* AppDelegate.swift in Sources */,
				33616140286CDE280016B984 /* NavgationRequest.swift in Sources */,
				33616143286CE5280016B984 /* NavigationLoader.swift in Sources */,
				33616105286CC74C0016B984 /* SceneDelegate.swift in Sources */,
				33616147286DB8730016B984 /* JSONDecode.swift in Sources */,
				3361614B286E17680016B984 /* UIButton+UIImage.swift in Sources */,
				33616149286DC71D0016B984 /* NavigationViewModel.swift in Sources */,
				3361613A286CD43F0016B984 /* APIRequest.swift in Sources */,
				2187319429B6A1440049EA35 /* mainFile.swift in Sources */,
				33616150286EC60E0016B984 /* Constant.swift in Sources */,
				2187318E29B69E550049EA35 /* workFile.swift in Sources */,
				33616135286CC8830016B984 /* Navigation.swift in Sources */,
				33C2AB0B2870016F00EB1DBC /* InsetLabel.swift in Sources */,
				3361613D286CD5FF0016B984 /* Notification+Name.swift in Sources */,
			);
			runOnlyForDeploymentPostprocessing = 0;
		};
		33616111286CC74E0016B984 /* Sources */ = {
			isa = PBXSourcesBuildPhase;
			buildActionMask = 2147483647;
			files = (
				3361611A286CC74E0016B984 /* HierarchyNavigationTests.swift in Sources */,
			);
			runOnlyForDeploymentPostprocessing = 0;
		};
		3361611B286CC74E0016B984 /* Sources */ = {
			isa = PBXSourcesBuildPhase;
			buildActionMask = 2147483647;
			files = (
				33616126286CC74E0016B984 /* HierarchyNavigationUITestsLaunchTests.swift in Sources */,
				33616124286CC74E0016B984 /* HierarchyNavigationUITests.swift in Sources */,
				21EF4D022871A47E00DD8EB7 /* Constant.swift in Sources */,
			);
			runOnlyForDeploymentPostprocessing = 0;
		};
/* End PBXSourcesBuildPhase section */

/* Begin PBXTargetDependency section */
		33616117286CC74E0016B984 /* PBXTargetDependency */ = {
			isa = PBXTargetDependency;
			target = 336160FE286CC74C0016B984 /* HierarchyNavigation */;
			targetProxy = 33616116286CC74E0016B984 /* PBXContainerItemProxy */;
		};
		33616121286CC74E0016B984 /* PBXTargetDependency */ = {
			isa = PBXTargetDependency;
			target = 336160FE286CC74C0016B984 /* HierarchyNavigation */;
			targetProxy = 33616120286CC74E0016B984 /* PBXContainerItemProxy */;
		};
/* End PBXTargetDependency section */

/* Begin PBXVariantGroup section */
		33616108286CC74C0016B984 /* Main.storyboard */ = {
			isa = PBXVariantGroup;
			children = (
				33616109286CC74C0016B984 /* Base */,
			);
			name = Main.storyboard;
			sourceTree = "<group>";
		};
		3361610D286CC74E0016B984 /* LaunchScreen.storyboard */ = {
			isa = PBXVariantGroup;
			children = (
				3361610E286CC74E0016B984 /* Base */,
			);
			name = LaunchScreen.storyboard;
			sourceTree = "<group>";
		};
/* End PBXVariantGroup section */

/* Begin XCBuildConfiguration section */
		33616127286CC74E0016B984 /* Debug */ = {
			isa = XCBuildConfiguration;
			buildSettings = {
				ALWAYS_SEARCH_USER_PATHS = NO;
				CLANG_ANALYZER_NONNULL = YES;
				CLANG_ANALYZER_NUMBER_OBJECT_CONVERSION = YES_AGGRESSIVE;
				CLANG_CXX_LANGUAGE_STANDARD = "gnu++17";
				CLANG_ENABLE_MODULES = YES;
				CLANG_ENABLE_OBJC_ARC = YES;
				CLANG_ENABLE_OBJC_WEAK = YES;
				CLANG_WARN_BLOCK_CAPTURE_AUTORELEASING = YES;
				CLANG_WARN_BOOL_CONVERSION = YES;
				CLANG_WARN_COMMA = YES;
				CLANG_WARN_CONSTANT_CONVERSION = YES;
				CLANG_WARN_DEPRECATED_OBJC_IMPLEMENTATIONS = YES;
				CLANG_WARN_DIRECT_OBJC_ISA_USAGE = YES_ERROR;
				CLANG_WARN_DOCUMENTATION_COMMENTS = YES;
				CLANG_WARN_EMPTY_BODY = YES;
				CLANG_WARN_ENUM_CONVERSION = YES;
				CLANG_WARN_INFINITE_RECURSION = YES;
				CLANG_WARN_INT_CONVERSION = YES;
				CLANG_WARN_NON_LITERAL_NULL_CONVERSION = YES;
				CLANG_WARN_OBJC_IMPLICIT_RETAIN_SELF = YES;
				CLANG_WARN_OBJC_LITERAL_CONVERSION = YES;
				CLANG_WARN_OBJC_ROOT_CLASS = YES_ERROR;
				CLANG_WARN_QUOTED_INCLUDE_IN_FRAMEWORK_HEADER = YES;
				CLANG_WARN_RANGE_LOOP_ANALYSIS = YES;
				CLANG_WARN_STRICT_PROTOTYPES = YES;
				CLANG_WARN_SUSPICIOUS_MOVE = YES;
				CLANG_WARN_UNGUARDED_AVAILABILITY = YES_AGGRESSIVE;
				CLANG_WARN_UNREACHABLE_CODE = YES;
				CLANG_WARN__DUPLICATE_METHOD_MATCH = YES;
				COPY_PHASE_STRIP = NO;
				DEBUG_INFORMATION_FORMAT = dwarf;
				ENABLE_STRICT_OBJC_MSGSEND = YES;
				ENABLE_TESTABILITY = YES;
				GCC_C_LANGUAGE_STANDARD = gnu11;
				GCC_DYNAMIC_NO_PIC = NO;
				GCC_NO_COMMON_BLOCKS = YES;
				GCC_OPTIMIZATION_LEVEL = 0;
				GCC_PREPROCESSOR_DEFINITIONS = (
					"DEBUG=1",
					"$(inherited)",
				);
				GCC_WARN_64_TO_32_BIT_CONVERSION = YES;
				GCC_WARN_ABOUT_RETURN_TYPE = YES_ERROR;
				GCC_WARN_UNDECLARED_SELECTOR = YES;
				GCC_WARN_UNINITIALIZED_AUTOS = YES_AGGRESSIVE;
				GCC_WARN_UNUSED_FUNCTION = YES;
				GCC_WARN_UNUSED_VARIABLE = YES;
				IPHONEOS_DEPLOYMENT_TARGET = 14.0;
				MTL_ENABLE_DEBUG_INFO = INCLUDE_SOURCE;
				MTL_FAST_MATH = YES;
				ONLY_ACTIVE_ARCH = YES;
				SDKROOT = iphoneos;
				SWIFT_ACTIVE_COMPILATION_CONDITIONS = DEBUG;
				SWIFT_OPTIMIZATION_LEVEL = "-Onone";
			};
			name = Debug;
		};
		33616128286CC74E0016B984 /* Release */ = {
			isa = XCBuildConfiguration;
			buildSettings = {
				ALWAYS_SEARCH_USER_PATHS = NO;
				CLANG_ANALYZER_NONNULL = YES;
				CLANG_ANALYZER_NUMBER_OBJECT_CONVERSION = YES_AGGRESSIVE;
				CLANG_CXX_LANGUAGE_STANDARD = "gnu++17";
				CLANG_ENABLE_MODULES = YES;
				CLANG_ENABLE_OBJC_ARC = YES;
				CLANG_ENABLE_OBJC_WEAK = YES;
				CLANG_WARN_BLOCK_CAPTURE_AUTORELEASING = YES;
				CLANG_WARN_BOOL_CONVERSION = YES;
				CLANG_WARN_COMMA = YES;
				CLANG_WARN_CONSTANT_CONVERSION = YES;
				CLANG_WARN_DEPRECATED_OBJC_IMPLEMENTATIONS = YES;
				CLANG_WARN_DIRECT_OBJC_ISA_USAGE = YES_ERROR;
				CLANG_WARN_DOCUMENTATION_COMMENTS = YES;
				CLANG_WARN_EMPTY_BODY = YES;
				CLANG_WARN_ENUM_CONVERSION = YES;
				CLANG_WARN_INFINITE_RECURSION = YES;
				CLANG_WARN_INT_CONVERSION = YES;
				CLANG_WARN_NON_LITERAL_NULL_CONVERSION = YES;
				CLANG_WARN_OBJC_IMPLICIT_RETAIN_SELF = YES;
				CLANG_WARN_OBJC_LITERAL_CONVERSION = YES;
				CLANG_WARN_OBJC_ROOT_CLASS = YES_ERROR;
				CLANG_WARN_QUOTED_INCLUDE_IN_FRAMEWORK_HEADER = YES;
				CLANG_WARN_RANGE_LOOP_ANALYSIS = YES;
				CLANG_WARN_STRICT_PROTOTYPES = YES;
				CLANG_WARN_SUSPICIOUS_MOVE = YES;
				CLANG_WARN_UNGUARDED_AVAILABILITY = YES_AGGRESSIVE;
				CLANG_WARN_UNREACHABLE_CODE = YES;
				CLANG_WARN__DUPLICATE_METHOD_MATCH = YES;
				COPY_PHASE_STRIP = NO;
				DEBUG_INFORMATION_FORMAT = "dwarf-with-dsym";
				ENABLE_NS_ASSERTIONS = NO;
				ENABLE_STRICT_OBJC_MSGSEND = YES;
				GCC_C_LANGUAGE_STANDARD = gnu11;
				GCC_NO_COMMON_BLOCKS = YES;
				GCC_WARN_64_TO_32_BIT_CONVERSION = YES;
				GCC_WARN_ABOUT_RETURN_TYPE = YES_ERROR;
				GCC_WARN_UNDECLARED_SELECTOR = YES;
				GCC_WARN_UNINITIALIZED_AUTOS = YES_AGGRESSIVE;
				GCC_WARN_UNUSED_FUNCTION = YES;
				GCC_WARN_UNUSED_VARIABLE = YES;
				IPHONEOS_DEPLOYMENT_TARGET = 14.0;
				MTL_ENABLE_DEBUG_INFO = NO;
				MTL_FAST_MATH = YES;
				SDKROOT = iphoneos;
				SWIFT_COMPILATION_MODE = wholemodule;
				SWIFT_OPTIMIZATION_LEVEL = "-O";
				VALIDATE_PRODUCT = YES;
			};
			name = Release;
		};
		3361612A286CC74E0016B984 /* Debug */ = {
			isa = XCBuildConfiguration;
			buildSettings = {
				ASSETCATALOG_COMPILER_APPICON_NAME = AppIcon;
				ASSETCATALOG_COMPILER_GLOBAL_ACCENT_COLOR_NAME = AccentColor;
				CODE_SIGN_STYLE = Automatic;
				CURRENT_PROJECT_VERSION = 1;
				GENERATE_INFOPLIST_FILE = YES;
				INFOPLIST_FILE = HierarchyNavigation/Info.plist;
				INFOPLIST_KEY_UIApplicationSupportsIndirectInputEvents = YES;
				INFOPLIST_KEY_UILaunchStoryboardName = LaunchScreen;
				INFOPLIST_KEY_UIMainStoryboardFile = Main;
				INFOPLIST_KEY_UISupportedInterfaceOrientations_iPad = "UIInterfaceOrientationPortrait UIInterfaceOrientationPortraitUpsideDown UIInterfaceOrientationLandscapeLeft UIInterfaceOrientationLandscapeRight";
				INFOPLIST_KEY_UISupportedInterfaceOrientations_iPhone = "UIInterfaceOrientationPortrait UIInterfaceOrientationLandscapeLeft UIInterfaceOrientationLandscapeRight";
				IPHONEOS_DEPLOYMENT_TARGET = 14.0;
				LD_RUNPATH_SEARCH_PATHS = (
					"$(inherited)",
					"@executable_path/Frameworks",
				);
				MARKETING_VERSION = 1.0;
				PRODUCT_BUNDLE_IDENTIFIER = com.leo.HierarchyNavigation;
				PRODUCT_NAME = "$(TARGET_NAME)";
				SWIFT_EMIT_LOC_STRINGS = YES;
				SWIFT_VERSION = 5.0;
				TARGETED_DEVICE_FAMILY = 1;
			};
			name = Debug;
		};
		3361612B286CC74E0016B984 /* Release */ = {
			isa = XCBuildConfiguration;
			buildSettings = {
				ASSETCATALOG_COMPILER_APPICON_NAME = AppIcon;
				ASSETCATALOG_COMPILER_GLOBAL_ACCENT_COLOR_NAME = AccentColor;
				CODE_SIGN_STYLE = Automatic;
				CURRENT_PROJECT_VERSION = 1;
				GENERATE_INFOPLIST_FILE = YES;
				INFOPLIST_FILE = HierarchyNavigation/Info.plist;
				INFOPLIST_KEY_UIApplicationSupportsIndirectInputEvents = YES;
				INFOPLIST_KEY_UILaunchStoryboardName = LaunchScreen;
				INFOPLIST_KEY_UIMainStoryboardFile = Main;
				INFOPLIST_KEY_UISupportedInterfaceOrientations_iPad = "UIInterfaceOrientationPortrait UIInterfaceOrientationPortraitUpsideDown UIInterfaceOrientationLandscapeLeft UIInterfaceOrientationLandscapeRight";
				INFOPLIST_KEY_UISupportedInterfaceOrientations_iPhone = "UIInterfaceOrientationPortrait UIInterfaceOrientationLandscapeLeft UIInterfaceOrientationLandscapeRight";
				IPHONEOS_DEPLOYMENT_TARGET = 14.0;
				LD_RUNPATH_SEARCH_PATHS = (
					"$(inherited)",
					"@executable_path/Frameworks",
				);
				MARKETING_VERSION = 1.0;
				PRODUCT_BUNDLE_IDENTIFIER = com.leo.HierarchyNavigation;
				PRODUCT_NAME = "$(TARGET_NAME)";
				SWIFT_EMIT_LOC_STRINGS = YES;
				SWIFT_VERSION = 5.0;
				TARGETED_DEVICE_FAMILY = 1;
			};
			name = Release;
		};
		3361612D286CC74E0016B984 /* Debug */ = {
			isa = XCBuildConfiguration;
			buildSettings = {
				ALWAYS_EMBED_SWIFT_STANDARD_LIBRARIES = YES;
				BUNDLE_LOADER = "$(TEST_HOST)";
				CODE_SIGN_STYLE = Automatic;
				CURRENT_PROJECT_VERSION = 1;
				GENERATE_INFOPLIST_FILE = YES;
				IPHONEOS_DEPLOYMENT_TARGET = 14.0;
				MARKETING_VERSION = 1.0;
				PRODUCT_BUNDLE_IDENTIFIER = com.leo.HierarchyNavigationTests;
				PRODUCT_NAME = "$(TARGET_NAME)";
				SWIFT_EMIT_LOC_STRINGS = NO;
				SWIFT_VERSION = 5.0;
				TARGETED_DEVICE_FAMILY = "1,2";
				TEST_HOST = "$(BUILT_PRODUCTS_DIR)/HierarchyNavigation.app/HierarchyNavigation";
			};
			name = Debug;
		};
		3361612E286CC74E0016B984 /* Release */ = {
			isa = XCBuildConfiguration;
			buildSettings = {
				ALWAYS_EMBED_SWIFT_STANDARD_LIBRARIES = YES;
				BUNDLE_LOADER = "$(TEST_HOST)";
				CODE_SIGN_STYLE = Automatic;
				CURRENT_PROJECT_VERSION = 1;
				GENERATE_INFOPLIST_FILE = YES;
				IPHONEOS_DEPLOYMENT_TARGET = 14.0;
				MARKETING_VERSION = 1.0;
				PRODUCT_BUNDLE_IDENTIFIER = com.leo.HierarchyNavigationTests;
				PRODUCT_NAME = "$(TARGET_NAME)";
				SWIFT_EMIT_LOC_STRINGS = NO;
				SWIFT_VERSION = 5.0;
				TARGETED_DEVICE_FAMILY = "1,2";
				TEST_HOST = "$(BUILT_PRODUCTS_DIR)/HierarchyNavigation.app/HierarchyNavigation";
			};
			name = Release;
		};
		33616130286CC74E0016B984 /* Debug */ = {
			isa = XCBuildConfiguration;
			buildSettings = {
				ALWAYS_EMBED_SWIFT_STANDARD_LIBRARIES = YES;
				CODE_SIGN_STYLE = Automatic;
				CURRENT_PROJECT_VERSION = 1;
				GENERATE_INFOPLIST_FILE = YES;
				MARKETING_VERSION = 1.0;
				PRODUCT_BUNDLE_IDENTIFIER = com.leo.HierarchyNavigationUITests;
				PRODUCT_NAME = "$(TARGET_NAME)";
				SWIFT_EMIT_LOC_STRINGS = NO;
				SWIFT_VERSION = 5.0;
				TARGETED_DEVICE_FAMILY = 1;
				TEST_TARGET_NAME = HierarchyNavigation;
			};
			name = Debug;
		};
		33616131286CC74E0016B984 /* Release */ = {
			isa = XCBuildConfiguration;
			buildSettings = {
				ALWAYS_EMBED_SWIFT_STANDARD_LIBRARIES = YES;
				CODE_SIGN_STYLE = Automatic;
				CURRENT_PROJECT_VERSION = 1;
				GENERATE_INFOPLIST_FILE = YES;
				MARKETING_VERSION = 1.0;
				PRODUCT_BUNDLE_IDENTIFIER = com.leo.HierarchyNavigationUITests;
				PRODUCT_NAME = "$(TARGET_NAME)";
				SWIFT_EMIT_LOC_STRINGS = NO;
				SWIFT_VERSION = 5.0;
				TARGETED_DEVICE_FAMILY = 1;
				TEST_TARGET_NAME = HierarchyNavigation;
			};
			name = Release;
		};
/* End XCBuildConfiguration section */

/* Begin XCConfigurationList section */
		336160FA286CC74C0016B984 /* Build configuration list for PBXProject "HierarchyNavigation" */ = {
			isa = XCConfigurationList;
			buildConfigurations = (
				33616127286CC74E0016B984 /* Debug */,
				33616128286CC74E0016B984 /* Release */,
			);
			defaultConfigurationIsVisible = 0;
			defaultConfigurationName = Release;
		};
		33616129286CC74E0016B984 /* Build configuration list for PBXNativeTarget "HierarchyNavigation" */ = {
			isa = XCConfigurationList;
			buildConfigurations = (
				3361612A286CC74E0016B984 /* Debug */,
				3361612B286CC74E0016B984 /* Release */,
			);
			defaultConfigurationIsVisible = 0;
			defaultConfigurationName = Release;
		};
		3361612C286CC74E0016B984 /* Build configuration list for PBXNativeTarget "HierarchyNavigationTests" */ = {
			isa = XCConfigurationList;
			buildConfigurations = (
				3361612D286CC74E0016B984 /* Debug */,
				3361612E286CC74E0016B984 /* Release */,
			);
			defaultConfigurationIsVisible = 0;
			defaultConfigurationName = Release;
		};
		3361612F286CC74E0016B984 /* Build configuration list for PBXNativeTarget "HierarchyNavigationUITests" */ = {
			isa = XCConfigurationList;
			buildConfigurations = (
				33616130286CC74E0016B984 /* Debug */,
				33616131286CC74E0016B984 /* Release */,
			);
			defaultConfigurationIsVisible = 0;
			defaultConfigurationName = Release;
		};
/* End XCConfigurationList section */
	};
	rootObject = 336160F7286CC74C0016B984 /* Project object */;
}
